// !$*UTF8*$!
{
	archiveVersion = 1;
	classes = {
	};
	objectVersion = 50;
	objects = {

/* Begin PBXBuildFile section */
		299DE3D7F9C517754E3EAF94 /* libPods-ios_productTests.a in Frameworks */ = {isa = PBXBuildFile; fileRef = C366A146B586235E5A6E1FEA /* libPods-ios_productTests.a */; };
		56EC41237A38FDBF956AF405 /* libPods-ios_product.a in Frameworks */ = {isa = PBXBuildFile; fileRef = CD0CC210587FB30E7994AF54 /* libPods-ios_product.a */; };
		5942A99BA2FE1F993C03E423 /* libPods-ios_productUITests.a in Frameworks */ = {isa = PBXBuildFile; fileRef = 53A91DB6E3840627E75B9B13 /* libPods-ios_productUITests.a */; };
		B113A8D22341974100DE62DD /* AppDelegate.m in Sources */ = {isa = PBXBuildFile; fileRef = B113A8D12341974100DE62DD /* AppDelegate.m */; };
		B113A8D52341974100DE62DD /* SceneDelegate.m in Sources */ = {isa = PBXBuildFile; fileRef = B113A8D42341974100DE62DD /* SceneDelegate.m */; };
		B113A8D82341974100DE62DD /* ViewController.m in Sources */ = {isa = PBXBuildFile; fileRef = B113A8D72341974100DE62DD /* ViewController.m */; };
		B113A8DB2341974100DE62DD /* Main.storyboard in Resources */ = {isa = PBXBuildFile; fileRef = B113A8D92341974100DE62DD /* Main.storyboard */; };
		B113A8DD2341974200DE62DD /* Assets.xcassets in Resources */ = {isa = PBXBuildFile; fileRef = B113A8DC2341974200DE62DD /* Assets.xcassets */; };
		B113A8E02341974200DE62DD /* LaunchScreen.storyboard in Resources */ = {isa = PBXBuildFile; fileRef = B113A8DE2341974200DE62DD /* LaunchScreen.storyboard */; };
		B113A8E32341974200DE62DD /* main.m in Sources */ = {isa = PBXBuildFile; fileRef = B113A8E22341974200DE62DD /* main.m */; };
		B113A8ED2341974200DE62DD /* ios_productTests.m in Sources */ = {isa = PBXBuildFile; fileRef = B113A8EC2341974200DE62DD /* ios_productTests.m */; };
		B113A8F82341974200DE62DD /* ios_productUITests.m in Sources */ = {isa = PBXBuildFile; fileRef = B113A8F72341974200DE62DD /* ios_productUITests.m */; };
/* End PBXBuildFile section */

/* Begin PBXContainerItemProxy section */
		B113A8E92341974200DE62DD /* PBXContainerItemProxy */ = {
			isa = PBXContainerItemProxy;
			containerPortal = B113A8C52341974100DE62DD /* Project object */;
			proxyType = 1;
			remoteGlobalIDString = B113A8CC2341974100DE62DD;
			remoteInfo = ios_product;
		};
		B113A8F42341974200DE62DD /* PBXContainerItemProxy */ = {
			isa = PBXContainerItemProxy;
			containerPortal = B113A8C52341974100DE62DD /* Project object */;
			proxyType = 1;
			remoteGlobalIDString = B113A8CC2341974100DE62DD;
			remoteInfo = ios_product;
		};
/* End PBXContainerItemProxy section */

/* Begin PBXFileReference section */
		53A91DB6E3840627E75B9B13 /* libPods-ios_productUITests.a */ = {isa = PBXFileReference; explicitFileType = archive.ar; includeInIndex = 0; path = "libPods-ios_productUITests.a"; sourceTree = BUILT_PRODUCTS_DIR; };
		9CFBD8EBAB4A5F5E85469199 /* Pods-ios_productUITests.release.xcconfig */ = {isa = PBXFileReference; includeInIndex = 1; lastKnownFileType = text.xcconfig; name = "Pods-ios_productUITests.release.xcconfig"; path = "Target Support Files/Pods-ios_productUITests/Pods-ios_productUITests.release.xcconfig"; sourceTree = "<group>"; };
		B113A8CD2341974100DE62DD /* ios_product.app */ = {isa = PBXFileReference; explicitFileType = wrapper.application; includeInIndex = 0; path = ios_product.app; sourceTree = BUILT_PRODUCTS_DIR; };
		B113A8D02341974100DE62DD /* AppDelegate.h */ = {isa = PBXFileReference; lastKnownFileType = sourcecode.c.h; path = AppDelegate.h; sourceTree = "<group>"; };
		B113A8D12341974100DE62DD /* AppDelegate.m */ = {isa = PBXFileReference; lastKnownFileType = sourcecode.c.objc; path = AppDelegate.m; sourceTree = "<group>"; };
		B113A8D32341974100DE62DD /* SceneDelegate.h */ = {isa = PBXFileReference; lastKnownFileType = sourcecode.c.h; path = SceneDelegate.h; sourceTree = "<group>"; };
		B113A8D42341974100DE62DD /* SceneDelegate.m */ = {isa = PBXFileReference; lastKnownFileType = sourcecode.c.objc; path = SceneDelegate.m; sourceTree = "<group>"; };
		B113A8D62341974100DE62DD /* ViewController.h */ = {isa = PBXFileReference; lastKnownFileType = sourcecode.c.h; path = ViewController.h; sourceTree = "<group>"; };
		B113A8D72341974100DE62DD /* ViewController.m */ = {isa = PBXFileReference; lastKnownFileType = sourcecode.c.objc; path = ViewController.m; sourceTree = "<group>"; };
		B113A8DA2341974100DE62DD /* Base */ = {isa = PBXFileReference; lastKnownFileType = file.storyboard; name = Base; path = Base.lproj/Main.storyboard; sourceTree = "<group>"; };
		B113A8DC2341974200DE62DD /* Assets.xcassets */ = {isa = PBXFileReference; lastKnownFileType = folder.assetcatalog; path = Assets.xcassets; sourceTree = "<group>"; };
		B113A8DF2341974200DE62DD /* Base */ = {isa = PBXFileReference; lastKnownFileType = file.storyboard; name = Base; path = Base.lproj/LaunchScreen.storyboard; sourceTree = "<group>"; };
		B113A8E12341974200DE62DD /* Info.plist */ = {isa = PBXFileReference; lastKnownFileType = text.plist.xml; path = Info.plist; sourceTree = "<group>"; };
		B113A8E22341974200DE62DD /* main.m */ = {isa = PBXFileReference; lastKnownFileType = sourcecode.c.objc; path = main.m; sourceTree = "<group>"; };
		B113A8E82341974200DE62DD /* ios_productTests.xctest */ = {isa = PBXFileReference; explicitFileType = wrapper.cfbundle; includeInIndex = 0; path = ios_productTests.xctest; sourceTree = BUILT_PRODUCTS_DIR; };
		B113A8EC2341974200DE62DD /* ios_productTests.m */ = {isa = PBXFileReference; lastKnownFileType = sourcecode.c.objc; path = ios_productTests.m; sourceTree = "<group>"; };
		B113A8EE2341974200DE62DD /* Info.plist */ = {isa = PBXFileReference; lastKnownFileType = text.plist.xml; path = Info.plist; sourceTree = "<group>"; };
		B113A8F32341974200DE62DD /* ios_productUITests.xctest */ = {isa = PBXFileReference; explicitFileType = wrapper.cfbundle; includeInIndex = 0; path = ios_productUITests.xctest; sourceTree = BUILT_PRODUCTS_DIR; };
		B113A8F72341974200DE62DD /* ios_productUITests.m */ = {isa = PBXFileReference; lastKnownFileType = sourcecode.c.objc; path = ios_productUITests.m; sourceTree = "<group>"; };
		B113A8F92341974200DE62DD /* Info.plist */ = {isa = PBXFileReference; lastKnownFileType = text.plist.xml; path = Info.plist; sourceTree = "<group>"; };
		C366A146B586235E5A6E1FEA /* libPods-ios_productTests.a */ = {isa = PBXFileReference; explicitFileType = archive.ar; includeInIndex = 0; path = "libPods-ios_productTests.a"; sourceTree = BUILT_PRODUCTS_DIR; };
		C83B3C2AC73B8E8EE4C9E2B3 /* Pods-ios_productTests.debug.xcconfig */ = {isa = PBXFileReference; includeInIndex = 1; lastKnownFileType = text.xcconfig; name = "Pods-ios_productTests.debug.xcconfig"; path = "Target Support Files/Pods-ios_productTests/Pods-ios_productTests.debug.xcconfig"; sourceTree = "<group>"; };
		CC87991BE03DFD7A034B4126 /* Pods-ios_productUITests.debug.xcconfig */ = {isa = PBXFileReference; includeInIndex = 1; lastKnownFileType = text.xcconfig; name = "Pods-ios_productUITests.debug.xcconfig"; path = "Target Support Files/Pods-ios_productUITests/Pods-ios_productUITests.debug.xcconfig"; sourceTree = "<group>"; };
		CD0CC210587FB30E7994AF54 /* libPods-ios_product.a */ = {isa = PBXFileReference; explicitFileType = archive.ar; includeInIndex = 0; path = "libPods-ios_product.a"; sourceTree = BUILT_PRODUCTS_DIR; };
		E03210AFCA427BDC35FBDA2D /* Pods-ios_product.release.xcconfig */ = {isa = PBXFileReference; includeInIndex = 1; lastKnownFileType = text.xcconfig; name = "Pods-ios_product.release.xcconfig"; path = "Target Support Files/Pods-ios_product/Pods-ios_product.release.xcconfig"; sourceTree = "<group>"; };
		E0A63BEB90B32764B84FD1C7 /* Pods-ios_productTests.release.xcconfig */ = {isa = PBXFileReference; includeInIndex = 1; lastKnownFileType = text.xcconfig; name = "Pods-ios_productTests.release.xcconfig"; path = "Target Support Files/Pods-ios_productTests/Pods-ios_productTests.release.xcconfig"; sourceTree = "<group>"; };
		E7BBAA970A5313958F9DF3ED /* Pods-ios_product.debug.xcconfig */ = {isa = PBXFileReference; includeInIndex = 1; lastKnownFileType = text.xcconfig; name = "Pods-ios_product.debug.xcconfig"; path = "Target Support Files/Pods-ios_product/Pods-ios_product.debug.xcconfig"; sourceTree = "<group>"; };
/* End PBXFileReference section */

/* Begin PBXFrameworksBuildPhase section */
		B113A8CA2341974100DE62DD /* Frameworks */ = {
			isa = PBXFrameworksBuildPhase;
			buildActionMask = 2147483647;
			files = (
				56EC41237A38FDBF956AF405 /* libPods-ios_product.a in Frameworks */,
			);
			runOnlyForDeploymentPostprocessing = 0;
		};
		B113A8E52341974200DE62DD /* Frameworks */ = {
			isa = PBXFrameworksBuildPhase;
			buildActionMask = 2147483647;
			files = (
				299DE3D7F9C517754E3EAF94 /* libPods-ios_productTests.a in Frameworks */,
			);
			runOnlyForDeploymentPostprocessing = 0;
		};
		B113A8F02341974200DE62DD /* Frameworks */ = {
			isa = PBXFrameworksBuildPhase;
			buildActionMask = 2147483647;
			files = (
				5942A99BA2FE1F993C03E423 /* libPods-ios_productUITests.a in Frameworks */,
			);
			runOnlyForDeploymentPostprocessing = 0;
		};
/* End PBXFrameworksBuildPhase section */

/* Begin PBXGroup section */
		B113A8C42341974100DE62DD = {
			isa = PBXGroup;
			children = (
				B113A8CF2341974100DE62DD /* ios_product */,
				B113A8EB2341974200DE62DD /* ios_productTests */,
				B113A8F62341974200DE62DD /* ios_productUITests */,
				B113A8CE2341974100DE62DD /* Products */,
				DD0A17FB16399CD63B1E6C36 /* Pods */,
				CACEEF47B60BAD4E58D80B6D /* Frameworks */,
			);
			sourceTree = "<group>";
		};
		B113A8CE2341974100DE62DD /* Products */ = {
			isa = PBXGroup;
			children = (
				B113A8CD2341974100DE62DD /* ios_product.app */,
				B113A8E82341974200DE62DD /* ios_productTests.xctest */,
				B113A8F32341974200DE62DD /* ios_productUITests.xctest */,
			);
			name = Products;
			sourceTree = "<group>";
		};
		B113A8CF2341974100DE62DD /* ios_product */ = {
			isa = PBXGroup;
			children = (
				B113A8D02341974100DE62DD /* AppDelegate.h */,
				B113A8D12341974100DE62DD /* AppDelegate.m */,
				B113A8D32341974100DE62DD /* SceneDelegate.h */,
				B113A8D42341974100DE62DD /* SceneDelegate.m */,
				B113A8D62341974100DE62DD /* ViewController.h */,
				B113A8D72341974100DE62DD /* ViewController.m */,
				B113A8D92341974100DE62DD /* Main.storyboard */,
				B113A8DC2341974200DE62DD /* Assets.xcassets */,
				B113A8DE2341974200DE62DD /* LaunchScreen.storyboard */,
				B113A8E12341974200DE62DD /* Info.plist */,
				B113A8E22341974200DE62DD /* main.m */,
			);
			path = ios_product;
			sourceTree = "<group>";
		};
		B113A8EB2341974200DE62DD /* ios_productTests */ = {
			isa = PBXGroup;
			children = (
				B113A8EC2341974200DE62DD /* ios_productTests.m */,
				B113A8EE2341974200DE62DD /* Info.plist */,
			);
			path = ios_productTests;
			sourceTree = "<group>";
		};
		B113A8F62341974200DE62DD /* ios_productUITests */ = {
			isa = PBXGroup;
			children = (
				B113A8F72341974200DE62DD /* ios_productUITests.m */,
				B113A8F92341974200DE62DD /* Info.plist */,
			);
			path = ios_productUITests;
			sourceTree = "<group>";
		};
		CACEEF47B60BAD4E58D80B6D /* Frameworks */ = {
			isa = PBXGroup;
			children = (
				CD0CC210587FB30E7994AF54 /* libPods-ios_product.a */,
				C366A146B586235E5A6E1FEA /* libPods-ios_productTests.a */,
				53A91DB6E3840627E75B9B13 /* libPods-ios_productUITests.a */,
			);
			name = Frameworks;
			sourceTree = "<group>";
		};
		DD0A17FB16399CD63B1E6C36 /* Pods */ = {
			isa = PBXGroup;
			children = (
				E7BBAA970A5313958F9DF3ED /* Pods-ios_product.debug.xcconfig */,
				E03210AFCA427BDC35FBDA2D /* Pods-ios_product.release.xcconfig */,
				C83B3C2AC73B8E8EE4C9E2B3 /* Pods-ios_productTests.debug.xcconfig */,
				E0A63BEB90B32764B84FD1C7 /* Pods-ios_productTests.release.xcconfig */,
				CC87991BE03DFD7A034B4126 /* Pods-ios_productUITests.debug.xcconfig */,
				9CFBD8EBAB4A5F5E85469199 /* Pods-ios_productUITests.release.xcconfig */,
			);
			path = Pods;
			sourceTree = "<group>";
		};
/* End PBXGroup section */

/* Begin PBXNativeTarget section */
		B113A8CC2341974100DE62DD /* ios_product */ = {
			isa = PBXNativeTarget;
			buildConfigurationList = B113A8FC2341974200DE62DD /* Build configuration list for PBXNativeTarget "ios_product" */;
			buildPhases = (
				B113A905234198AE00DE62DD /* ShellScript */,
				ED8BEE747DDD80CA5E919997 /* [CP] Check Pods Manifest.lock */,
				B113A8C92341974100DE62DD /* Sources */,
				B113A8CA2341974100DE62DD /* Frameworks */,
				B113A8CB2341974100DE62DD /* Resources */,
				4DE6C32AE8AF56F07DE9F6EB /* [CP] Embed Pods Frameworks */,
			);
			buildRules = (
			);
			dependencies = (
			);
			name = ios_product;
			productName = ios_product;
			productReference = B113A8CD2341974100DE62DD /* ios_product.app */;
			productType = "com.apple.product-type.application";
		};
		B113A8E72341974200DE62DD /* ios_productTests */ = {
			isa = PBXNativeTarget;
			buildConfigurationList = B113A8FF2341974200DE62DD /* Build configuration list for PBXNativeTarget "ios_productTests" */;
			buildPhases = (
				65E9A027B4A5F927B70BFBD5 /* [CP] Check Pods Manifest.lock */,
				B113A8E42341974200DE62DD /* Sources */,
				B113A8E52341974200DE62DD /* Frameworks */,
				B113A8E62341974200DE62DD /* Resources */,
			);
			buildRules = (
			);
			dependencies = (
				B113A8EA2341974200DE62DD /* PBXTargetDependency */,
			);
			name = ios_productTests;
			productName = ios_productTests;
			productReference = B113A8E82341974200DE62DD /* ios_productTests.xctest */;
			productType = "com.apple.product-type.bundle.unit-test";
		};
		B113A8F22341974200DE62DD /* ios_productUITests */ = {
			isa = PBXNativeTarget;
			buildConfigurationList = B113A9022341974200DE62DD /* Build configuration list for PBXNativeTarget "ios_productUITests" */;
			buildPhases = (
				B5A216E44365A09AE13A01AD /* [CP] Check Pods Manifest.lock */,
				B113A8EF2341974200DE62DD /* Sources */,
				B113A8F02341974200DE62DD /* Frameworks */,
				B113A8F12341974200DE62DD /* Resources */,
			);
			buildRules = (
			);
			dependencies = (
				B113A8F52341974200DE62DD /* PBXTargetDependency */,
			);
			name = ios_productUITests;
			productName = ios_productUITests;
			productReference = B113A8F32341974200DE62DD /* ios_productUITests.xctest */;
			productType = "com.apple.product-type.bundle.ui-testing";
		};
/* End PBXNativeTarget section */

/* Begin PBXProject section */
		B113A8C52341974100DE62DD /* Project object */ = {
			isa = PBXProject;
			attributes = {
				LastUpgradeCheck = 1100;
				ORGANIZATIONNAME = frendy;
				TargetAttributes = {
					B113A8CC2341974100DE62DD = {
						CreatedOnToolsVersion = 11.0;
					};
					B113A8E72341974200DE62DD = {
						CreatedOnToolsVersion = 11.0;
						TestTargetID = B113A8CC2341974100DE62DD;
					};
					B113A8F22341974200DE62DD = {
						CreatedOnToolsVersion = 11.0;
						TestTargetID = B113A8CC2341974100DE62DD;
					};
				};
			};
			buildConfigurationList = B113A8C82341974100DE62DD /* Build configuration list for PBXProject "ios_product" */;
			compatibilityVersion = "Xcode 9.3";
			developmentRegion = en;
			hasScannedForEncodings = 0;
			knownRegions = (
				en,
				Base,
			);
			mainGroup = B113A8C42341974100DE62DD;
			productRefGroup = B113A8CE2341974100DE62DD /* Products */;
			projectDirPath = "";
			projectRoot = "";
			targets = (
				B113A8CC2341974100DE62DD /* ios_product */,
				B113A8E72341974200DE62DD /* ios_productTests */,
				B113A8F22341974200DE62DD /* ios_productUITests */,
			);
		};
/* End PBXProject section */

/* Begin PBXResourcesBuildPhase section */
		B113A8CB2341974100DE62DD /* Resources */ = {
			isa = PBXResourcesBuildPhase;
			buildActionMask = 2147483647;
			files = (
				B113A8E02341974200DE62DD /* LaunchScreen.storyboard in Resources */,
				B113A8DD2341974200DE62DD /* Assets.xcassets in Resources */,
				B113A8DB2341974100DE62DD /* Main.storyboard in Resources */,
			);
			runOnlyForDeploymentPostprocessing = 0;
		};
		B113A8E62341974200DE62DD /* Resources */ = {
			isa = PBXResourcesBuildPhase;
			buildActionMask = 2147483647;
			files = (
			);
			runOnlyForDeploymentPostprocessing = 0;
		};
		B113A8F12341974200DE62DD /* Resources */ = {
			isa = PBXResourcesBuildPhase;
			buildActionMask = 2147483647;
			files = (
			);
			runOnlyForDeploymentPostprocessing = 0;
		};
/* End PBXResourcesBuildPhase section */

/* Begin PBXShellScriptBuildPhase section */
		4DE6C32AE8AF56F07DE9F6EB /* [CP] Embed Pods Frameworks */ = {
			isa = PBXShellScriptBuildPhase;
			buildActionMask = 2147483647;
			files = (
			);
			inputFileListPaths = (
			);
			inputPaths = (
				"${PODS_ROOT}/Target Support Files/Pods-ios_product/Pods-ios_product-frameworks.sh",
				"${PODS_ROOT}/../../flutter_widget/.ios/Flutter/engine/Flutter.framework",
			);
			name = "[CP] Embed Pods Frameworks";
			outputFileListPaths = (
			);
			outputPaths = (
				"${TARGET_BUILD_DIR}/${FRAMEWORKS_FOLDER_PATH}/Flutter.framework",
			);
			runOnlyForDeploymentPostprocessing = 0;
			shellPath = /bin/sh;
			shellScript = "\"${PODS_ROOT}/Target Support Files/Pods-ios_product/Pods-ios_product-frameworks.sh\"\n";
			showEnvVarsInLog = 0;
		};
		65E9A027B4A5F927B70BFBD5 /* [CP] Check Pods Manifest.lock */ = {
			isa = PBXShellScriptBuildPhase;
			buildActionMask = 2147483647;
			files = (
			);
			inputFileListPaths = (
			);
			inputPaths = (
				"${PODS_PODFILE_DIR_PATH}/Podfile.lock",
				"${PODS_ROOT}/Manifest.lock",
			);
			name = "[CP] Check Pods Manifest.lock";
			outputFileListPaths = (
			);
			outputPaths = (
				"$(DERIVED_FILE_DIR)/Pods-ios_productTests-checkManifestLockResult.txt",
			);
			runOnlyForDeploymentPostprocessing = 0;
			shellPath = /bin/sh;
			shellScript = "diff \"${PODS_PODFILE_DIR_PATH}/Podfile.lock\" \"${PODS_ROOT}/Manifest.lock\" > /dev/null\nif [ $? != 0 ] ; then\n    # print error to STDERR\n    echo \"error: The sandbox is not in sync with the Podfile.lock. Run 'pod install' or update your CocoaPods installation.\" >&2\n    exit 1\nfi\n# This output is used by Xcode 'outputs' to avoid re-running this script phase.\necho \"SUCCESS\" > \"${SCRIPT_OUTPUT_FILE_0}\"\n";
			showEnvVarsInLog = 0;
		};
		B113A905234198AE00DE62DD /* ShellScript */ = {
			isa = PBXShellScriptBuildPhase;
			buildActionMask = 2147483647;
			files = (
			);
			inputFileListPaths = (
			);
			inputPaths = (
			);
			outputFileListPaths = (
			);
			outputPaths = (
			);
			runOnlyForDeploymentPostprocessing = 0;
			shellPath = /bin/sh;
			shellScript = "# Type a script or drag a script file from your workspace to insert its path.\n";
		};
		B5A216E44365A09AE13A01AD /* [CP] Check Pods Manifest.lock */ = {
			isa = PBXShellScriptBuildPhase;
			buildActionMask = 2147483647;
			files = (
			);
			inputFileListPaths = (
			);
			inputPaths = (
				"${PODS_PODFILE_DIR_PATH}/Podfile.lock",
				"${PODS_ROOT}/Manifest.lock",
			);
			name = "[CP] Check Pods Manifest.lock";
			outputFileListPaths = (
			);
			outputPaths = (
				"$(DERIVED_FILE_DIR)/Pods-ios_productUITests-checkManifestLockResult.txt",
			);
			runOnlyForDeploymentPostprocessing = 0;
			shellPath = /bin/sh;
			shellScript = "diff \"${PODS_PODFILE_DIR_PATH}/Podfile.lock\" \"${PODS_ROOT}/Manifest.lock\" > /dev/null\nif [ $? != 0 ] ; then\n    # print error to STDERR\n    echo \"error: The sandbox is not in sync with the Podfile.lock. Run 'pod install' or update your CocoaPods installation.\" >&2\n    exit 1\nfi\n# This output is used by Xcode 'outputs' to avoid re-running this script phase.\necho \"SUCCESS\" > \"${SCRIPT_OUTPUT_FILE_0}\"\n";
			showEnvVarsInLog = 0;
		};
		ED8BEE747DDD80CA5E919997 /* [CP] Check Pods Manifest.lock */ = {
			isa = PBXShellScriptBuildPhase;
			buildActionMask = 2147483647;
			files = (
			);
			inputFileListPaths = (
			);
			inputPaths = (
				"${PODS_PODFILE_DIR_PATH}/Podfile.lock",
				"${PODS_ROOT}/Manifest.lock",
			);
			name = "[CP] Check Pods Manifest.lock";
			outputFileListPaths = (
			);
			outputPaths = (
				"$(DERIVED_FILE_DIR)/Pods-ios_product-checkManifestLockResult.txt",
			);
			runOnlyForDeploymentPostprocessing = 0;
			shellPath = /bin/sh;
			shellScript = "diff \"${PODS_PODFILE_DIR_PATH}/Podfile.lock\" \"${PODS_ROOT}/Manifest.lock\" > /dev/null\nif [ $? != 0 ] ; then\n    # print error to STDERR\n    echo \"error: The sandbox is not in sync with the Podfile.lock. Run 'pod install' or update your CocoaPods installation.\" >&2\n    exit 1\nfi\n# This output is used by Xcode 'outputs' to avoid re-running this script phase.\necho \"SUCCESS\" > \"${SCRIPT_OUTPUT_FILE_0}\"\n";
			showEnvVarsInLog = 0;
		};
/* End PBXShellScriptBuildPhase section */

/* Begin PBXSourcesBuildPhase section */
		B113A8C92341974100DE62DD /* Sources */ = {
			isa = PBXSourcesBuildPhase;
			buildActionMask = 2147483647;
			files = (
				B113A8D82341974100DE62DD /* ViewController.m in Sources */,
				B113A8D22341974100DE62DD /* AppDelegate.m in Sources */,
				B113A8E32341974200DE62DD /* main.m in Sources */,
				B113A8D52341974100DE62DD /* SceneDelegate.m in Sources */,
			);
			runOnlyForDeploymentPostprocessing = 0;
		};
		B113A8E42341974200DE62DD /* Sources */ = {
			isa = PBXSourcesBuildPhase;
			buildActionMask = 2147483647;
			files = (
				B113A8ED2341974200DE62DD /* ios_productTests.m in Sources */,
			);
			runOnlyForDeploymentPostprocessing = 0;
		};
		B113A8EF2341974200DE62DD /* Sources */ = {
			isa = PBXSourcesBuildPhase;
			buildActionMask = 2147483647;
			files = (
				B113A8F82341974200DE62DD /* ios_productUITests.m in Sources */,
			);
			runOnlyForDeploymentPostprocessing = 0;
		};
/* End PBXSourcesBuildPhase section */

/* Begin PBXTargetDependency section */
		B113A8EA2341974200DE62DD /* PBXTargetDependency */ = {
			isa = PBXTargetDependency;
			target = B113A8CC2341974100DE62DD /* ios_product */;
			targetProxy = B113A8E92341974200DE62DD /* PBXContainerItemProxy */;
		};
		B113A8F52341974200DE62DD /* PBXTargetDependency */ = {
			isa = PBXTargetDependency;
			target = B113A8CC2341974100DE62DD /* ios_product */;
			targetProxy = B113A8F42341974200DE62DD /* PBXContainerItemProxy */;
		};
/* End PBXTargetDependency section */

/* Begin PBXVariantGroup section */
		B113A8D92341974100DE62DD /* Main.storyboard */ = {
			isa = PBXVariantGroup;
			children = (
				B113A8DA2341974100DE62DD /* Base */,
			);
			name = Main.storyboard;
			sourceTree = "<group>";
		};
		B113A8DE2341974200DE62DD /* LaunchScreen.storyboard */ = {
			isa = PBXVariantGroup;
			children = (
				B113A8DF2341974200DE62DD /* Base */,
			);
			name = LaunchScreen.storyboard;
			sourceTree = "<group>";
		};
/* End PBXVariantGroup section */

/* Begin XCBuildConfiguration section */
		B113A8FA2341974200DE62DD /* Debug */ = {
			isa = XCBuildConfiguration;
			buildSettings = {
				ALWAYS_SEARCH_USER_PATHS = NO;
				CLANG_ANALYZER_NONNULL = YES;
				CLANG_ANALYZER_NUMBER_OBJECT_CONVERSION = YES_AGGRESSIVE;
				CLANG_CXX_LANGUAGE_STANDARD = "gnu++14";
				CLANG_CXX_LIBRARY = "libc++";
				CLANG_ENABLE_MODULES = YES;
				CLANG_ENABLE_OBJC_ARC = YES;
				CLANG_ENABLE_OBJC_WEAK = YES;
				CLANG_WARN_BLOCK_CAPTURE_AUTORELEASING = YES;
				CLANG_WARN_BOOL_CONVERSION = YES;
				CLANG_WARN_COMMA = YES;
				CLANG_WARN_CONSTANT_CONVERSION = YES;
				CLANG_WARN_DEPRECATED_OBJC_IMPLEMENTATIONS = YES;
				CLANG_WARN_DIRECT_OBJC_ISA_USAGE = YES_ERROR;
				CLANG_WARN_DOCUMENTATION_COMMENTS = YES;
				CLANG_WARN_EMPTY_BODY = YES;
				CLANG_WARN_ENUM_CONVERSION = YES;
				CLANG_WARN_INFINITE_RECURSION = YES;
				CLANG_WARN_INT_CONVERSION = YES;
				CLANG_WARN_NON_LITERAL_NULL_CONVERSION = YES;
				CLANG_WARN_OBJC_IMPLICIT_RETAIN_SELF = YES;
				CLANG_WARN_OBJC_LITERAL_CONVERSION = YES;
				CLANG_WARN_OBJC_ROOT_CLASS = YES_ERROR;
				CLANG_WARN_RANGE_LOOP_ANALYSIS = YES;
				CLANG_WARN_STRICT_PROTOTYPES = YES;
				CLANG_WARN_SUSPICIOUS_MOVE = YES;
				CLANG_WARN_UNGUARDED_AVAILABILITY = YES_AGGRESSIVE;
				CLANG_WARN_UNREACHABLE_CODE = YES;
				CLANG_WARN__DUPLICATE_METHOD_MATCH = YES;
				COPY_PHASE_STRIP = NO;
				DEBUG_INFORMATION_FORMAT = dwarf;
				ENABLE_STRICT_OBJC_MSGSEND = YES;
				ENABLE_TESTABILITY = YES;
				GCC_C_LANGUAGE_STANDARD = gnu11;
				GCC_DYNAMIC_NO_PIC = NO;
				GCC_NO_COMMON_BLOCKS = YES;
				GCC_OPTIMIZATION_LEVEL = 0;
				GCC_PREPROCESSOR_DEFINITIONS = (
					"DEBUG=1",
					"$(inherited)",
				);
				GCC_WARN_64_TO_32_BIT_CONVERSION = YES;
				GCC_WARN_ABOUT_RETURN_TYPE = YES_ERROR;
				GCC_WARN_UNDECLARED_SELECTOR = YES;
				GCC_WARN_UNINITIALIZED_AUTOS = YES_AGGRESSIVE;
				GCC_WARN_UNUSED_FUNCTION = YES;
				GCC_WARN_UNUSED_VARIABLE = YES;
				IPHONEOS_DEPLOYMENT_TARGET = 13.0;
				MTL_ENABLE_DEBUG_INFO = INCLUDE_SOURCE;
				MTL_FAST_MATH = YES;
				ONLY_ACTIVE_ARCH = YES;
				SDKROOT = iphoneos;
			};
			name = Debug;
		};
		B113A8FB2341974200DE62DD /* Release */ = {
			isa = XCBuildConfiguration;
			buildSettings = {
				ALWAYS_SEARCH_USER_PATHS = NO;
				CLANG_ANALYZER_NONNULL = YES;
				CLANG_ANALYZER_NUMBER_OBJECT_CONVERSION = YES_AGGRESSIVE;
				CLANG_CXX_LANGUAGE_STANDARD = "gnu++14";
				CLANG_CXX_LIBRARY = "libc++";
				CLANG_ENABLE_MODULES = YES;
				CLANG_ENABLE_OBJC_ARC = YES;
				CLANG_ENABLE_OBJC_WEAK = YES;
				CLANG_WARN_BLOCK_CAPTURE_AUTORELEASING = YES;
				CLANG_WARN_BOOL_CONVERSION = YES;
				CLANG_WARN_COMMA = YES;
				CLANG_WARN_CONSTANT_CONVERSION = YES;
				CLANG_WARN_DEPRECATED_OBJC_IMPLEMENTATIONS = YES;
				CLANG_WARN_DIRECT_OBJC_ISA_USAGE = YES_ERROR;
				CLANG_WARN_DOCUMENTATION_COMMENTS = YES;
				CLANG_WARN_EMPTY_BODY = YES;
				CLANG_WARN_ENUM_CONVERSION = YES;
				CLANG_WARN_INFINITE_RECURSION = YES;
				CLANG_WARN_INT_CONVERSION = YES;
				CLANG_WARN_NON_LITERAL_NULL_CONVERSION = YES;
				CLANG_WARN_OBJC_IMPLICIT_RETAIN_SELF = YES;
				CLANG_WARN_OBJC_LITERAL_CONVERSION = YES;
				CLANG_WARN_OBJC_ROOT_CLASS = YES_ERROR;
				CLANG_WARN_RANGE_LOOP_ANALYSIS = YES;
				CLANG_WARN_STRICT_PROTOTYPES = YES;
				CLANG_WARN_SUSPICIOUS_MOVE = YES;
				CLANG_WARN_UNGUARDED_AVAILABILITY = YES_AGGRESSIVE;
				CLANG_WARN_UNREACHABLE_CODE = YES;
				CLANG_WARN__DUPLICATE_METHOD_MATCH = YES;
				COPY_PHASE_STRIP = NO;
				DEBUG_INFORMATION_FORMAT = "dwarf-with-dsym";
				ENABLE_NS_ASSERTIONS = NO;
				ENABLE_STRICT_OBJC_MSGSEND = YES;
				GCC_C_LANGUAGE_STANDARD = gnu11;
				GCC_NO_COMMON_BLOCKS = YES;
				GCC_WARN_64_TO_32_BIT_CONVERSION = YES;
				GCC_WARN_ABOUT_RETURN_TYPE = YES_ERROR;
				GCC_WARN_UNDECLARED_SELECTOR = YES;
				GCC_WARN_UNINITIALIZED_AUTOS = YES_AGGRESSIVE;
				GCC_WARN_UNUSED_FUNCTION = YES;
				GCC_WARN_UNUSED_VARIABLE = YES;
				IPHONEOS_DEPLOYMENT_TARGET = 13.0;
				MTL_ENABLE_DEBUG_INFO = NO;
				MTL_FAST_MATH = YES;
				SDKROOT = iphoneos;
				VALIDATE_PRODUCT = YES;
			};
			name = Release;
		};
		B113A8FD2341974200DE62DD /* Debug */ = {
			isa = XCBuildConfiguration;
			baseConfigurationReference = E7BBAA970A5313958F9DF3ED /* Pods-ios_product.debug.xcconfig */;
			buildSettings = {
				ASSETCATALOG_COMPILER_APPICON_NAME = AppIcon;
				CODE_SIGN_STYLE = Automatic;
				DEVELOPMENT_TEAM = 4Q9XA2W8NU;
				ENABLE_BITCODE = NO;
				INFOPLIST_FILE = ios_product/Info.plist;
				LD_RUNPATH_SEARCH_PATHS = (
					"$(inherited)",
					"@executable_path/Frameworks",
				);
				PRODUCT_BUNDLE_IDENTIFIER = "vip.frendy.ios-product";
				PRODUCT_NAME = "$(TARGET_NAME)";
				TARGETED_DEVICE_FAMILY = "1,2";
			};
			name = Debug;
		};
		B113A8FE2341974200DE62DD /* Release */ = {
			isa = XCBuildConfiguration;
			baseConfigurationReference = E03210AFCA427BDC35FBDA2D /* Pods-ios_product.release.xcconfig */;
			buildSettings = {
				ASSETCATALOG_COMPILER_APPICON_NAME = AppIcon;
				CODE_SIGN_STYLE = Automatic;
				DEVELOPMENT_TEAM = 4Q9XA2W8NU;
				ENABLE_BITCODE = NO;
				INFOPLIST_FILE = ios_product/Info.plist;
				LD_RUNPATH_SEARCH_PATHS = (
					"$(inherited)",
					"@executable_path/Frameworks",
				);
				PRODUCT_BUNDLE_IDENTIFIER = "vip.frendy.ios-product";
				PRODUCT_NAME = "$(TARGET_NAME)";
				TARGETED_DEVICE_FAMILY = "1,2";
			};
			name = Release;
		};
		B113A9002341974200DE62DD /* Debug */ = {
			isa = XCBuildConfiguration;
			baseConfigurationReference = C83B3C2AC73B8E8EE4C9E2B3 /* Pods-ios_productTests.debug.xcconfig */;
			buildSettings = {
				BUNDLE_LOADER = "$(TEST_HOST)";
				CODE_SIGN_STYLE = Automatic;
				DEVELOPMENT_TEAM = 4Q9XA2W8NU;
				INFOPLIST_FILE = ios_productTests/Info.plist;
				IPHONEOS_DEPLOYMENT_TARGET = 13.0;
				LD_RUNPATH_SEARCH_PATHS = (
					"$(inherited)",
					"@executable_path/Frameworks",
					"@loader_path/Frameworks",
				);
				PRODUCT_BUNDLE_IDENTIFIER = "vip.frendy.ios-productTests";
				PRODUCT_NAME = "$(TARGET_NAME)";
				TARGETED_DEVICE_FAMILY = "1,2";
				TEST_HOST = "$(BUILT_PRODUCTS_DIR)/ios_product.app/ios_product";
			};
			name = Debug;
		};
		B113A9012341974200DE62DD /* Release */ = {
			isa = XCBuildConfiguration;
			baseConfigurationReference = E0A63BEB90B32764B84FD1C7 /* Pods-ios_productTests.release.xcconfig */;
			buildSettings = {
				BUNDLE_LOADER = "$(TEST_HOST)";
				CODE_SIGN_STYLE = Automatic;
				DEVELOPMENT_TEAM = 4Q9XA2W8NU;
				INFOPLIST_FILE = ios_productTests/Info.plist;
				IPHONEOS_DEPLOYMENT_TARGET = 13.0;
				LD_RUNPATH_SEARCH_PATHS = (
					"$(inherited)",
					"@executable_path/Frameworks",
					"@loader_path/Frameworks",
				);
				PRODUCT_BUNDLE_IDENTIFIER = "vip.frendy.ios-productTests";
				PRODUCT_NAME = "$(TARGET_NAME)";
				TARGETED_DEVICE_FAMILY = "1,2";
				TEST_HOST = "$(BUILT_PRODUCTS_DIR)/ios_product.app/ios_product";
			};
			name = Release;
		};
		B113A9032341974200DE62DD /* Debug */ = {
			isa = XCBuildConfiguration;
			baseConfigurationReference = CC87991BE03DFD7A034B4126 /* Pods-ios_productUITests.debug.xcconfig */;
			buildSettings = {
				CODE_SIGN_STYLE = Automatic;
				DEVELOPMENT_TEAM = 4Q9XA2W8NU;
				INFOPLIST_FILE = ios_productUITests/Info.plist;
				LD_RUNPATH_SEARCH_PATHS = (
					"$(inherited)",
					"@executable_path/Frameworks",
					"@loader_path/Frameworks",
				);
				PRODUCT_BUNDLE_IDENTIFIER = "vip.frendy.ios-productUITests";
				PRODUCT_NAME = "$(TARGET_NAME)";
				TARGETED_DEVICE_FAMILY = "1,2";
				TEST_TARGET_NAME = ios_product;
			};
			name = Debug;
		};
		B113A9042341974200DE62DD /* Release */ = {
			isa = XCBuildConfiguration;
			baseConfigurationReference = 9CFBD8EBAB4A5F5E85469199 /* Pods-ios_productUITests.release.xcconfig */;
			buildSettings = {
				CODE_SIGN_STYLE = Automatic;
				DEVELOPMENT_TEAM = 4Q9XA2W8NU;
				INFOPLIST_FILE = ios_productUITests/Info.plist;
				LD_RUNPATH_SEARCH_PATHS = (
					"$(inherited)",
					"@executable_path/Frameworks",
					"@loader_path/Frameworks",
				);
				PRODUCT_BUNDLE_IDENTIFIER = "vip.frendy.ios-productUITests";
				PRODUCT_NAME = "$(TARGET_NAME)";
				TARGETED_DEVICE_FAMILY = "1,2";
				TEST_TARGET_NAME = ios_product;
			};
			name = Release;
		};
/* End XCBuildConfiguration section */

/* Begin XCConfigurationList section */
		B113A8C82341974100DE62DD /* Build configuration list for PBXProject "ios_product" */ = {
			isa = XCConfigurationList;
			buildConfigurations = (
				B113A8FA2341974200DE62DD /* Debug */,
				B113A8FB2341974200DE62DD /* Release */,
			);
			defaultConfigurationIsVisible = 0;
			defaultConfigurationName = Release;
		};
		B113A8FC2341974200DE62DD /* Build configuration list for PBXNativeTarget "ios_product" */ = {
			isa = XCConfigurationList;
			buildConfigurations = (
				B113A8FD2341974200DE62DD /* Debug */,
				B113A8FE2341974200DE62DD /* Release */,
			);
			defaultConfigurationIsVisible = 0;
			defaultConfigurationName = Release;
		};
		B113A8FF2341974200DE62DD /* Build configuration list for PBXNativeTarget "ios_productTests" */ = {
			isa = XCConfigurationList;
			buildConfigurations = (
				B113A9002341974200DE62DD /* Debug */,
				B113A9012341974200DE62DD /* Release */,
			);
			defaultConfigurationIsVisible = 0;
			defaultConfigurationName = Release;
		};
		B113A9022341974200DE62DD /* Build configuration list for PBXNativeTarget "ios_productUITests" */ = {
			isa = XCConfigurationList;
			buildConfigurations = (
				B113A9032341974200DE62DD /* Debug */,
				B113A9042341974200DE62DD /* Release */,
			);
			defaultConfigurationIsVisible = 0;
			defaultConfigurationName = Release;
		};
/* End XCConfigurationList section */
	};
	rootObject = B113A8C52341974100DE62DD /* Project object */;
}
